
Microsoft Visual Studio Solution File, Format Version 12.00
# Visual Studio 14
VisualStudioVersion = 14.0.24720.0
MinimumVisualStudioVersion = 10.0.40219.1
Project("{2150E333-8FDC-42A3-9474-1A3956D46DE8}") = "Src", "Src", "{FBA55472-2DE8-4630-B435-025F00449C0A}"
EndProject
Project("{FAE04EC0-301F-11D3-BF4B-00C04F79EFBC}") = "Algorithms", "src\Algorithms\Algorithms.csproj", "{27E61568-DA8E-4575-B897-A45FD94AC11F}"
EndProject
Project("{2150E333-8FDC-42A3-9474-1A3956D46DE8}") = "Tests", "Tests", "{3F4A5403-3DDA-4579-A56C-5233F80B80FF}"
EndProject
Project("{FAE04EC0-301F-11D3-BF4B-00C04F79EFBC}") = "AlgorithmTests", "tests\AlgorithmTests\AlgorithmTests.csproj", "{81B80432-0ECC-4A93-9826-A1208A965AA2}"
EndProject
Project("{FAE04EC0-301F-11D3-BF4B-00C04F79EFBC}") = "DataStructure", "src\DataStructure\DataStructure.csproj", "{419CB19E-3DCB-4D61-8FD9-CCAC9282C634}"
EndProject
Project("{FAE04EC0-301F-11D3-BF4B-00C04F79EFBC}") = "DataStructureTests", "tests\DataStructureTests\DataStructureTests.csproj", "{80888F58-DA07-4BD4-9ACA-D3FBF17F113B}"
EndProject
Project("{2150E333-8FDC-42A3-9474-1A3956D46DE8}") = "Solution Items", "Solution Items", "{5FE2D167-1221-4379-BAC3-9325214338E5}"
	ProjectSection(SolutionItems) = preProject
		README.md = README.md
	EndProjectSection
EndProject
Project("{FAE04EC0-301F-11D3-BF4B-00C04F79EFBC}") = "PerfTests", "tests\PerfTests\PerfTests.csproj", "{4F9A6391-52A7-492E-9DC0-F0B43EA0120A}"
EndProject
Project("{2150E333-8FDC-42A3-9474-1A3956D46DE8}") = "Visualizer", "Visualizer", "{E87F6202-6055-4180-B6BE-104395E28DE9}"
EndProject
Project("{FAE04EC0-301F-11D3-BF4B-00C04F79EFBC}") = "GraphTraversal.Visualizer", "Visualizers\GraphTraversal.Visualizer\GraphTraversal.Visualizer.csproj", "{EB126F64-ED33-45C2-B0C9-DEA178F151C1}"
EndProject
Project("{FAE04EC0-301F-11D3-BF4B-00C04F79EFBC}") = "Visualizer", "Visualizer\Visualizer.csproj", "{3FCD1F0A-F5A1-4652-8767-37F0C2D3CD85}"
EndProject
Project("{FAE04EC0-301F-11D3-BF4B-00C04F79EFBC}") = "VisualizerTests", "tests\VisualizerTests\VisualizerTests.csproj", "{9C61B6FB-9B2D-4A10-8961-EF9300230976}"
EndProject
Global
	GlobalSection(SolutionConfigurationPlatforms) = preSolution
		Debug|Any CPU = Debug|Any CPU
		Release|Any CPU = Release|Any CPU
	EndGlobalSection
	GlobalSection(ProjectConfigurationPlatforms) = postSolution
		{27E61568-DA8E-4575-B897-A45FD94AC11F}.Debug|Any CPU.ActiveCfg = Debug|Any CPU
		{27E61568-DA8E-4575-B897-A45FD94AC11F}.Debug|Any CPU.Build.0 = Debug|Any CPU
		{27E61568-DA8E-4575-B897-A45FD94AC11F}.Release|Any CPU.ActiveCfg = Release|Any CPU
		{27E61568-DA8E-4575-B897-A45FD94AC11F}.Release|Any CPU.Build.0 = Release|Any CPU
		{81B80432-0ECC-4A93-9826-A1208A965AA2}.Debug|Any CPU.ActiveCfg = Debug|Any CPU
		{81B80432-0ECC-4A93-9826-A1208A965AA2}.Debug|Any CPU.Build.0 = Debug|Any CPU
		{81B80432-0ECC-4A93-9826-A1208A965AA2}.Release|Any CPU.ActiveCfg = Release|Any CPU
		{81B80432-0ECC-4A93-9826-A1208A965AA2}.Release|Any CPU.Build.0 = Release|Any CPU
		{419CB19E-3DCB-4D61-8FD9-CCAC9282C634}.Debug|Any CPU.ActiveCfg = Debug|Any CPU
		{419CB19E-3DCB-4D61-8FD9-CCAC9282C634}.Debug|Any CPU.Build.0 = Debug|Any CPU
		{419CB19E-3DCB-4D61-8FD9-CCAC9282C634}.Release|Any CPU.ActiveCfg = Release|Any CPU
		{419CB19E-3DCB-4D61-8FD9-CCAC9282C634}.Release|Any CPU.Build.0 = Release|Any CPU
		{80888F58-DA07-4BD4-9ACA-D3FBF17F113B}.Debug|Any CPU.ActiveCfg = Debug|Any CPU
		{80888F58-DA07-4BD4-9ACA-D3FBF17F113B}.Debug|Any CPU.Build.0 = Debug|Any CPU
		{80888F58-DA07-4BD4-9ACA-D3FBF17F113B}.Release|Any CPU.ActiveCfg = Release|Any CPU
		{80888F58-DA07-4BD4-9ACA-D3FBF17F113B}.Release|Any CPU.Build.0 = Release|Any CPU
		{4F9A6391-52A7-492E-9DC0-F0B43EA0120A}.Debug|Any CPU.ActiveCfg = Debug|Any CPU
		{4F9A6391-52A7-492E-9DC0-F0B43EA0120A}.Debug|Any CPU.Build.0 = Debug|Any CPU
		{4F9A6391-52A7-492E-9DC0-F0B43EA0120A}.Release|Any CPU.ActiveCfg = Release|Any CPU
		{4F9A6391-52A7-492E-9DC0-F0B43EA0120A}.Release|Any CPU.Build.0 = Release|Any CPU
		{EB126F64-ED33-45C2-B0C9-DEA178F151C1}.Debug|Any CPU.ActiveCfg = Debug|Any CPU
		{EB126F64-ED33-45C2-B0C9-DEA178F151C1}.Debug|Any CPU.Build.0 = Debug|Any CPU
		{EB126F64-ED33-45C2-B0C9-DEA178F151C1}.Release|Any CPU.ActiveCfg = Release|Any CPU
		{EB126F64-ED33-45C2-B0C9-DEA178F151C1}.Release|Any CPU.Build.0 = Release|Any CPU
		{3FCD1F0A-F5A1-4652-8767-37F0C2D3CD85}.Debug|Any CPU.ActiveCfg = Debug|Any CPU
		{3FCD1F0A-F5A1-4652-8767-37F0C2D3CD85}.Debug|Any CPU.Build.0 = Debug|Any CPU
		{3FCD1F0A-F5A1-4652-8767-37F0C2D3CD85}.Release|Any CPU.ActiveCfg = Release|Any CPU
		{3FCD1F0A-F5A1-4652-8767-37F0C2D3CD85}.Release|Any CPU.Build.0 = Release|Any CPU
		{9C61B6FB-9B2D-4A10-8961-EF9300230976}.Debug|Any CPU.ActiveCfg = Debug|Any CPU
		{9C61B6FB-9B2D-4A10-8961-EF9300230976}.Debug|Any CPU.Build.0 = Debug|Any CPU
		{9C61B6FB-9B2D-4A10-8961-EF9300230976}.Release|Any CPU.ActiveCfg = Release|Any CPU
		{9C61B6FB-9B2D-4A10-8961-EF9300230976}.Release|Any CPU.Build.0 = Release|Any CPU
	EndGlobalSection
	GlobalSection(SolutionProperties) = preSolution
		HideSolutionNode = FALSE
	EndGlobalSection
	GlobalSection(NestedProjects) = preSolution
		{27E61568-DA8E-4575-B897-A45FD94AC11F} = {FBA55472-2DE8-4630-B435-025F00449C0A}
		{81B80432-0ECC-4A93-9826-A1208A965AA2} = {3F4A5403-3DDA-4579-A56C-5233F80B80FF}
		{419CB19E-3DCB-4D61-8FD9-CCAC9282C634} = {FBA55472-2DE8-4630-B435-025F00449C0A}
		{80888F58-DA07-4BD4-9ACA-D3FBF17F113B} = {3F4A5403-3DDA-4579-A56C-5233F80B80FF}
		{4F9A6391-52A7-492E-9DC0-F0B43EA0120A} = {3F4A5403-3DDA-4579-A56C-5233F80B80FF}
		{EB126F64-ED33-45C2-B0C9-DEA178F151C1} = {E87F6202-6055-4180-B6BE-104395E28DE9}
		{3FCD1F0A-F5A1-4652-8767-37F0C2D3CD85} = {FBA55472-2DE8-4630-B435-025F00449C0A}
		{9C61B6FB-9B2D-4A10-8961-EF9300230976} = {3F4A5403-3DDA-4579-A56C-5233F80B80FF}
	EndGlobalSection
EndGlobal
